{
    "_readme": [
        "This file locks the dependencies of your project to a known state",
        "Read more about it at https://getcomposer.org/doc/01-basic-usage.md#composer-lock-the-lock-file",
        "This file is @generated automatically"
    ],
    "hash": "7510fbd001ede099f0231dce71fb64e3",
    "content-hash": "3ad5cf02f529fa1fabff782012b8bef2",
    "packages": [
        {
            "name": "Slacki/MVC",
            "version": "v0.2",
            "source": {
                "type": "git",
                "url": "https://github.com/Slacki/MVC.git",
                "reference": "e80d44c8bcbee24ef7d43449ff3034c748061497"
            },
            "dist": {
                "type": "zip",
                "url": "https://api.github.com/repos/Slacki/MVC/zipball/e80d44c8bcbee24ef7d43449ff3034c748061497",
                "reference": "e80d44c8bcbee24ef7d43449ff3034c748061497",
                "shasum": ""
            },
            "type": "library",
            "autoload": {
                "psr-4": {
                    "Framework\\": "Framework/",
                    "Tests\\": "Tests/",
                    "TestApp\\": "Tests/TestApp/"
                }
            },
            "authors": [
                {
                    "name": "Kacper Czochara",
                    "email": "kacperczochara@gmail.com"
                }
            ],
            "description": "MVC pattern implementation",
            "support": {
                "source": "https://github.com/Slacki/MVC/tree/v0.2",
                "issues": "https://github.com/Slacki/MVC/issues"
            },
            "time": "2016-03-01 12:49:35"
        }
    ],
    "packages-dev": [],
    "aliases": [],
    "minimum-stability": "dev",
    "stability-flags": [],
    "prefer-stable": false,
    "prefer-lowest": false,
    "platform": [],
    "platform-dev": []
}
